
Microsoft Visual Studio Solution File, Format Version 12.00
# Visual Studio Version 17
VisualStudioVersion = 17.9.34701.34
MinimumVisualStudioVersion = 10.0.40219.1
Project("{FAE04EC0-301F-11D3-BF4B-00C04F79EFBC}") = "A2Q5MortCalcRA", "A2Q5MortCalcRA\A2Q5MortCalcRA.csproj", "{15C49E74-6A46-4F93-9C22-30EFD7011272}"
EndProject
Global
	GlobalSection(SolutionConfigurationPlatforms) = preSolution
		Debug|Any CPU = Debug|Any CPU
		Release|Any CPU = Release|Any CPU
	EndGlobalSection
	GlobalSection(ProjectConfigurationPlatforms) = postSolution
		{15C49E74-6A46-4F93-9C22-30EFD7011272}.Debug|Any CPU.ActiveCfg = Debug|Any CPU
		{15C49E74-6A46-4F93-9C22-30EFD7011272}.Debug|Any CPU.Build.0 = Debug|Any CPU
		{15C49E74-6A46-4F93-9C22-30EFD7011272}.Release|Any CPU.ActiveCfg = Release|Any CPU
		{15C49E74-6A46-4F93-9C22-30EFD7011272}.Release|Any CPU.Build.0 = Release|Any CPU
	EndGlobalSection
	GlobalSection(SolutionProperties) = preSolution
		HideSolutionNode = FALSE
	EndGlobalSection
	GlobalSection(ExtensibilityGlobals) = postSolution
		SolutionGuid = {E3BEA072-FC92-4431-9D4C-4D73E767E521}
	EndGlobalSection
EndGlobal
