
Microsoft Visual Studio Solution File, Format Version 12.00
# Visual Studio Version 17
VisualStudioVersion = 17.9.34701.34
MinimumVisualStudioVersion = 10.0.40219.1
Project("{FAE04EC0-301F-11D3-BF4B-00C04F79EFBC}") = "A2Q4DigCalcRA", "A2Q4DigCalcRA\A2Q4DigCalcRA.csproj", "{3638752B-1A46-4075-B6BC-0FF157F37354}"
EndProject
Global
	GlobalSection(SolutionConfigurationPlatforms) = preSolution
		Debug|Any CPU = Debug|Any CPU
		Release|Any CPU = Release|Any CPU
	EndGlobalSection
	GlobalSection(ProjectConfigurationPlatforms) = postSolution
		{3638752B-1A46-4075-B6BC-0FF157F37354}.Debug|Any CPU.ActiveCfg = Debug|Any CPU
		{3638752B-1A46-4075-B6BC-0FF157F37354}.Debug|Any CPU.Build.0 = Debug|Any CPU
		{3638752B-1A46-4075-B6BC-0FF157F37354}.Release|Any CPU.ActiveCfg = Release|Any CPU
		{3638752B-1A46-4075-B6BC-0FF157F37354}.Release|Any CPU.Build.0 = Release|Any CPU
	EndGlobalSection
	GlobalSection(SolutionProperties) = preSolution
		HideSolutionNode = FALSE
	EndGlobalSection
	GlobalSection(ExtensibilityGlobals) = postSolution
		SolutionGuid = {6D7E512C-256B-47B9-8260-D2CCB8C06996}
	EndGlobalSection
EndGlobal
