
Microsoft Visual Studio Solution File, Format Version 12.00
# Visual Studio Version 17
VisualStudioVersion = 17.9.34701.34
MinimumVisualStudioVersion = 10.0.40219.1
Project("{FAE04EC0-301F-11D3-BF4B-00C04F79EFBC}") = "A2Q1FracCalcRA", "A2Q1FracCalcRA\A2Q1FracCalcRA.csproj", "{9864EB8A-50CF-4BCC-9B0D-1943E54A6431}"
EndProject
Global
	GlobalSection(SolutionConfigurationPlatforms) = preSolution
		Debug|Any CPU = Debug|Any CPU
		Release|Any CPU = Release|Any CPU
	EndGlobalSection
	GlobalSection(ProjectConfigurationPlatforms) = postSolution
		{9864EB8A-50CF-4BCC-9B0D-1943E54A6431}.Debug|Any CPU.ActiveCfg = Debug|Any CPU
		{9864EB8A-50CF-4BCC-9B0D-1943E54A6431}.Debug|Any CPU.Build.0 = Debug|Any CPU
		{9864EB8A-50CF-4BCC-9B0D-1943E54A6431}.Release|Any CPU.ActiveCfg = Release|Any CPU
		{9864EB8A-50CF-4BCC-9B0D-1943E54A6431}.Release|Any CPU.Build.0 = Release|Any CPU
	EndGlobalSection
	GlobalSection(SolutionProperties) = preSolution
		HideSolutionNode = FALSE
	EndGlobalSection
	GlobalSection(ExtensibilityGlobals) = postSolution
		SolutionGuid = {B8AD7844-B27F-4220-9F2F-7119FAE92263}
	EndGlobalSection
EndGlobal
