
Microsoft Visual Studio Solution File, Format Version 12.00
# Visual Studio Version 17
VisualStudioVersion = 17.9.34701.34
MinimumVisualStudioVersion = 10.0.40219.1
Project("{FAE04EC0-301F-11D3-BF4B-00C04F79EFBC}") = "A2Q7PlntWghtCalcRA", "A2Q7PlntWghtCalcRA\A2Q7PlntWghtCalcRA.csproj", "{EC9182DB-C23A-4092-B14D-ADC8B2790783}"
EndProject
Global
	GlobalSection(SolutionConfigurationPlatforms) = preSolution
		Debug|Any CPU = Debug|Any CPU
		Release|Any CPU = Release|Any CPU
	EndGlobalSection
	GlobalSection(ProjectConfigurationPlatforms) = postSolution
		{EC9182DB-C23A-4092-B14D-ADC8B2790783}.Debug|Any CPU.ActiveCfg = Debug|Any CPU
		{EC9182DB-C23A-4092-B14D-ADC8B2790783}.Debug|Any CPU.Build.0 = Debug|Any CPU
		{EC9182DB-C23A-4092-B14D-ADC8B2790783}.Release|Any CPU.ActiveCfg = Release|Any CPU
		{EC9182DB-C23A-4092-B14D-ADC8B2790783}.Release|Any CPU.Build.0 = Release|Any CPU
	EndGlobalSection
	GlobalSection(SolutionProperties) = preSolution
		HideSolutionNode = FALSE
	EndGlobalSection
	GlobalSection(ExtensibilityGlobals) = postSolution
		SolutionGuid = {8F15A886-D271-4D11-BC89-F1F0D5F53D4E}
	EndGlobalSection
EndGlobal
